<?xml version="1.0" encoding="utf-8"?>
<Project ToolsVersion="4.0" xmlns="http://schemas.microsoft.com/developer/msbuild/2003">
  <ItemGroup>
    <Filter Include="Source Files">
      <UniqueIdentifier>{4FC737F1-C7A5-4376-A066-2A32D752A2FF}</UniqueIdentifier>
      <Extensions>cpp;c;cc;cxx;def;odl;idl;hpj;bat;asm;asmx</Extensions>
    </Filter>
    <Filter Include="Header Files">
      <UniqueIdentifier>{93995380-89BD-4b04-88EB-625FBE52EBFB}</UniqueIdentifier>
      <Extensions>h;hh;hpp;hxx;hm;inl;inc;xsd</Extensions>
    </Filter>
    <Filter Include="Resource Files">
      <UniqueIdentifier>{67DA6AB6-F800-4c08-8B7A-83BB121AAD01}</UniqueIdentifier>
      <Extensions>rc;ico;cur;bmp;dlg;rc2;rct;bin;rgs;gif;jpg;jpeg;jpe;resx;tiff;tif;png;wav;mfcribbon-ms</Extensions>
    </Filter>
    <Filter Include="Header Files\OpenGL">
      <UniqueIdentifier>{731f55e8-d50a-4743-bca6-7bb88b86d19e}</UniqueIdentifier>
    </Filter>
    <Filter Include="Header Files\common">
      <UniqueIdentifier>{565c6273-ed13-4ba7-be73-7e73b3743e3d}</UniqueIdentifier>
    </Filter>
    <Filter Include="Source Files\OpenGL">
      <UniqueIdentifier>{095a9e94-8c41-41fc-aac1-05e8bc3d0173}</UniqueIdentifier>
    </Filter>
    <Filter Include="Source Files\common">
      <UniqueIdentifier>{d434d2c6-66b5-4479-9c6e-a5d0684c9652}</UniqueIdentifier>
    </Filter>
    <Filter Include="Source Files\AI">
      <UniqueIdentifier>{de154463-4981-4d4c-b947-f3126ebded77}</UniqueIdentifier>
    </Filter>
    <Filter Include="Header Files\AI">
      <UniqueIdentifier>{ffecb7e9-9cd0-4c80-9540-edd24182b9bc}</UniqueIdentifier>
    </Filter>
    <Filter Include="Header Files\AppStates">
      <UniqueIdentifier>{4f1c957a-e068-4956-9561-3b6a6c5e5d84}</UniqueIdentifier>
    </Filter>
    <Filter Include="Source Files\AppStates">
      <UniqueIdentifier>{f448bde9-ad95-4b1f-8ac7-670161420a25}</UniqueIdentifier>
    </Filter>
    <Filter Include="Resource Files\Shaders">
      <UniqueIdentifier>{05fae406-b96f-4462-bbbb-c06746f2a7ad}</UniqueIdentifier>
    </Filter>
  </ItemGroup>
  <ItemGroup>
    <ClCompile Include="Shader.cpp">
      <Filter>Source Files\OpenGL</Filter>
    </ClCompile>
    <ClCompile Include="StaticObj.cpp">
      <Filter>Source Files\OpenGL</Filter>
    </ClCompile>
    <ClCompile Include="Light.cpp">
      <Filter>Source Files\OpenGL</Filter>
    </ClCompile>
    <ClCompile Include="Gene.cpp">
      <Filter>Source Files\AI</Filter>
    </ClCompile>
    <ClCompile Include="NeuralNet.cpp">
      <Filter>Source Files\AI</Filter>
    </ClCompile>
    <ClCompile Include="Stringify.cpp">
      <Filter>Source Files\common</Filter>
    </ClCompile>
    <ClCompile Include="Params.cpp">
      <Filter>Source Files\common</Filter>
    </ClCompile>
    <ClCompile Include="FPS.cpp">
      <Filter>Source Files\common</Filter>
    </ClCompile>
    <ClCompile Include="Agent.cpp">
      <Filter>Source Files\AI</Filter>
    </ClCompile>
    <ClCompile Include="FileManager.cpp">
      <Filter>Source Files\common</Filter>
    </ClCompile>
    <ClCompile Include="State.cpp">
      <Filter>Source Files\AI</Filter>
    </ClCompile>
    <ClCompile Include="Texture.cpp">
      <Filter>Source Files\OpenGL</Filter>
    </ClCompile>
    <ClCompile Include="VBO.cpp">
      <Filter>Source Files\OpenGL</Filter>
    </ClCompile>
    <ClCompile Include="Event.cpp">
      <Filter>Source Files\common</Filter>
    </ClCompile>
    <ClCompile Include="Skybox.cpp">
      <Filter>Source Files\OpenGL</Filter>
    </ClCompile>
    <ClCompile Include="Model.cpp">
      <Filter>Source Files\OpenGL</Filter>
    </ClCompile>
    <ClCompile Include="Texture_SDL.cpp">
      <Filter>Source Files\common</Filter>
    </ClCompile>
    <ClCompile Include="TextureBank_SDL.cpp">
      <Filter>Source Files\common</Filter>
    </ClCompile>
    <ClCompile Include="AppStateIntro.cpp">
      <Filter>Source Files\AppStates</Filter>
    </ClCompile>
    <ClCompile Include="AppStatePause.cpp">
      <Filter>Source Files\AppStates</Filter>
    </ClCompile>
    <ClCompile Include="AppStateManager.cpp">
      <Filter>Source Files\AppStates</Filter>
    </ClCompile>
    <ClCompile Include="AppStateMain.cpp">
      <Filter>Source Files\AppStates</Filter>
    </ClCompile>
    <ClCompile Include="HeightMap.cpp">
      <Filter>Source Files\OpenGL</Filter>
    </ClCompile>
    <ClCompile Include="LoadingScreen.cpp">
      <Filter>Source Files\AppStates</Filter>
    </ClCompile>
    <ClCompile Include="ParticleSystem.cpp">
      <Filter>Source Files\OpenGL</Filter>
    </ClCompile>
    <ClCompile Include="Main.cpp">
      <Filter>Source Files</Filter>
    </ClCompile>
    <ClCompile Include="Water.cpp">
      <Filter>Source Files\OpenGL</Filter>
    </ClCompile>
    <ClCompile Include="Font.cpp">
      <Filter>Source Files\common</Filter>
    </ClCompile>
  </ItemGroup>
  <ItemGroup>
    <ClInclude Include="Light.h">
      <Filter>Header Files\OpenGL</Filter>
    </ClInclude>
    <ClInclude Include="Model.h">
      <Filter>Header Files\OpenGL</Filter>
    </ClInclude>
    <ClInclude Include="Texture.h">
      <Filter>Header Files\OpenGL</Filter>
    </ClInclude>
    <ClInclude Include="VBO.h">
      <Filter>Header Files\OpenGL</Filter>
    </ClInclude>
    <ClInclude Include="Shader.h">
      <Filter>Header Files\OpenGL</Filter>
    </ClInclude>
    <ClInclude Include="Stringify.h">
      <Filter>Header Files\common</Filter>
    </ClInclude>
    <ClInclude Include="FileManager.h">
      <Filter>Header Files\common</Filter>
    </ClInclude>
    <ClInclude Include="Params.h">
      <Filter>Header Files\common</Filter>
    </ClInclude>
    <ClInclude Include="Common.h">
      <Filter>Header Files\common</Filter>
    </ClInclude>
    <ClInclude Include="StaticObj.h">
      <Filter>Header Files\OpenGL</Filter>
    </ClInclude>
    <ClInclude Include="Gene.h">
      <Filter>Header Files\AI</Filter>
    </ClInclude>
    <ClInclude Include="NeuralNet.h">
      <Filter>Header Files\AI</Filter>
    </ClInclude>
    <ClInclude Include="Main.h">
      <Filter>Header Files</Filter>
    </ClInclude>
    <ClInclude Include="State.h">
      <Filter>Header Files\AI</Filter>
    </ClInclude>
    <ClInclude Include="Agent.h">
      <Filter>Header Files\AI</Filter>
    </ClInclude>
    <ClInclude Include="Event.h">
      <Filter>Header Files\common</Filter>
    </ClInclude>
    <ClInclude Include="Skybox.h">
      <Filter>Header Files\OpenGL</Filter>
    </ClInclude>
    <ClInclude Include="Texture_SDL.h">
      <Filter>Header Files\common</Filter>
    </ClInclude>
    <ClInclude Include="TextureBank_SDL.h">
      <Filter>Header Files\common</Filter>
    </ClInclude>
    <ClInclude Include="AppStateManager.h">
      <Filter>Header Files\AppStates</Filter>
    </ClInclude>
    <ClInclude Include="AppState.h">
      <Filter>Header Files\AppStates</Filter>
    </ClInclude>
    <ClInclude Include="AppStateIntro.h">
      <Filter>Header Files\AppStates</Filter>
    </ClInclude>
    <ClInclude Include="AppStatePause.h">
      <Filter>Header Files\AppStates</Filter>
    </ClInclude>
    <ClInclude Include="AppStateMain.h">
      <Filter>Header Files\AppStates</Filter>
    </ClInclude>
    <ClInclude Include="HeightMap.h">
      <Filter>Header Files\OpenGL</Filter>
    </ClInclude>
    <ClInclude Include="FPS.h">
      <Filter>Header Files\common</Filter>
    </ClInclude>
    <ClInclude Include="LoadingScreen.h">
      <Filter>Header Files\AppStates</Filter>
    </ClInclude>
    <ClInclude Include="Object.h">
      <Filter>Header Files</Filter>
    </ClInclude>
    <ClInclude Include="utils.h">
      <Filter>Header Files\common</Filter>
    </ClInclude>
    <ClInclude Include="ParticleSystem.h">
      <Filter>Header Files\OpenGL</Filter>
    </ClInclude>
    <ClInclude Include="Water.h">
      <Filter>Header Files\OpenGL</Filter>
    </ClInclude>
    <ClInclude Include="DemoParticle.h">
      <Filter>Source Files\AppStates</Filter>
    </ClInclude>
    <ClInclude Include="Font.h">
      <Filter>Header Files\common</Filter>
    </ClInclude>
    <ClInclude Include="Sound.h">
      <Filter>Header Files\common</Filter>
    </ClInclude>
  </ItemGroup>
  <ItemGroup>
    <None Include="shaders\blaze_gen_common.geom">
      <Filter>Resource Files\Shaders</Filter>
    </None>
    <None Include="shaders\blaze_part_gen_box.geom">
      <Filter>Resource Files\Shaders</Filter>
    </None>
    <None Include="shaders\color.frag">
      <Filter>Resource Files\Shaders</Filter>
    </None>
    <None Include="shaders\color.vert">
      <Filter>Resource Files\Shaders</Filter>
    </None>
    <None Include="shaders\dirLight.frag">
      <Filter>Resource Files\Shaders</Filter>
    </None>
    <None Include="shaders\fog.frag">
      <Filter>Resource Files\Shaders</Filter>
    </None>
    <None Include="shaders\font2D.frag">
      <Filter>Resource Files\Shaders</Filter>
    </None>
    <None Include="shaders\main_shader.frag">
      <Filter>Resource Files\Shaders</Filter>
    </None>
    <None Include="shaders\main_shader.vert">
      <Filter>Resource Files\Shaders</Filter>
    </None>
    <None Include="shaders\normal_displayer.frag">
      <Filter>Resource Files\Shaders</Filter>
    </None>
    <None Include="shaders\normal_displayer.geom">
      <Filter>Resource Files\Shaders</Filter>
    </None>
    <None Include="shaders\normal_displayer.vert">
      <Filter>Resource Files\Shaders</Filter>
    </None>
    <None Include="shaders\ortho2D.frag">
      <Filter>Resource Files\Shaders</Filter>
    </None>
    <None Include="shaders\ortho2D.vert">
      <Filter>Resource Files\Shaders</Filter>
    </None>
    <None Include="shaders\particles_render.frag">
      <Filter>Resource Files\Shaders</Filter>
    </None>
    <None Include="shaders\particles_render.geom">
      <Filter>Resource Files\Shaders</Filter>
    </None>
    <None Include="shaders\particles_render.vert">
      <Filter>Resource Files\Shaders</Filter>
    </None>
    <None Include="shaders\particles_update.frag">
      <Filter>Resource Files\Shaders</Filter>
    </None>
    <None Include="shaders\particles_update.geom">
      <Filter>Resource Files\Shaders</Filter>
    </None>
    <None Include="shaders\particles_update.vert">
      <Filter>Resource Files\Shaders</Filter>
    </None>
    <None Include="shaders\pointLight.frag">
      <Filter>Resource Files\Shaders</Filter>
    </None>
    <None Include="shaders\spotLight.frag">
      <Filter>Resource Files\Shaders</Filter>
    </None>
    <None Include="shaders\terrain.frag">
      <Filter>Resource Files\Shaders</Filter>
    </None>
    <None Include="shaders\terrain.vert">
      <Filter>Resource Files\Shaders</Filter>
    </None>
    <None Include="shaders\skybox.frag">
      <Filter>Resource Files\Shaders</Filter>
    </None>
    <None Include="shaders\water.vert">
      <Filter>Resource Files\Shaders</Filter>
    </None>
    <None Include="shaders\water.frag">
      <Filter>Resource Files\Shaders</Filter>
    </None>
  </ItemGroup>
</Project>